
Microsoft Visual Studio Solution File, Format Version 12.00
# Visual Studio 15
VisualStudioVersion = 15.0.26124.0
MinimumVisualStudioVersion = 15.0.26124.0
Project("{2150E333-8FDC-42A3-9474-1A3956D46DE8}") = "src", "src", "{BCEDF8EC-7709-4BD6-9AEE-8CAC79669A4A}"
EndProject
Project("{FAE04EC0-301F-11D3-BF4B-00C04F79EFBC}") = "PPR.App", "src\PPR.App\PPR.App.csproj", "{C5BFDB0B-CE0E-4AB5-AA7A-4758CA8CA525}"
EndProject
Project("{FAE04EC0-301F-11D3-BF4B-00C04F79EFBC}") = "PPR.Business", "src\PPR.Business\PPR.Business.csproj", "{D70237A1-D3CA-4437-B9AA-5F895CF28801}"
EndProject
Project("{FAE04EC0-301F-11D3-BF4B-00C04F79EFBC}") = "PPR.Common", "src\PPR.Common\PPR.Common.csproj", "{B27DB12F-9B53-4F93-B459-A9B778EB84F8}"
EndProject
Project("{FAE04EC0-301F-11D3-BF4B-00C04F79EFBC}") = "PPR.Data", "src\PPR.Data\PPR.Data.csproj", "{BC8B06E2-0CAC-4C65-92F1-7175CA6B92C6}"
EndProject
Global
	GlobalSection(SolutionConfigurationPlatforms) = preSolution
		Debug|Any CPU = Debug|Any CPU
		Debug|x64 = Debug|x64
		Debug|x86 = Debug|x86
		Release|Any CPU = Release|Any CPU
		Release|x64 = Release|x64
		Release|x86 = Release|x86
	EndGlobalSection
	GlobalSection(SolutionProperties) = preSolution
		HideSolutionNode = FALSE
	EndGlobalSection
	GlobalSection(ProjectConfigurationPlatforms) = postSolution
		{C5BFDB0B-CE0E-4AB5-AA7A-4758CA8CA525}.Debug|Any CPU.ActiveCfg = Debug|Any CPU
		{C5BFDB0B-CE0E-4AB5-AA7A-4758CA8CA525}.Debug|Any CPU.Build.0 = Debug|Any CPU
		{C5BFDB0B-CE0E-4AB5-AA7A-4758CA8CA525}.Debug|x64.ActiveCfg = Debug|Any CPU
		{C5BFDB0B-CE0E-4AB5-AA7A-4758CA8CA525}.Debug|x64.Build.0 = Debug|Any CPU
		{C5BFDB0B-CE0E-4AB5-AA7A-4758CA8CA525}.Debug|x86.ActiveCfg = Debug|Any CPU
		{C5BFDB0B-CE0E-4AB5-AA7A-4758CA8CA525}.Debug|x86.Build.0 = Debug|Any CPU
		{C5BFDB0B-CE0E-4AB5-AA7A-4758CA8CA525}.Release|Any CPU.ActiveCfg = Release|Any CPU
		{C5BFDB0B-CE0E-4AB5-AA7A-4758CA8CA525}.Release|Any CPU.Build.0 = Release|Any CPU
		{C5BFDB0B-CE0E-4AB5-AA7A-4758CA8CA525}.Release|x64.ActiveCfg = Release|Any CPU
		{C5BFDB0B-CE0E-4AB5-AA7A-4758CA8CA525}.Release|x64.Build.0 = Release|Any CPU
		{C5BFDB0B-CE0E-4AB5-AA7A-4758CA8CA525}.Release|x86.ActiveCfg = Release|Any CPU
		{C5BFDB0B-CE0E-4AB5-AA7A-4758CA8CA525}.Release|x86.Build.0 = Release|Any CPU
		{D70237A1-D3CA-4437-B9AA-5F895CF28801}.Debug|Any CPU.ActiveCfg = Debug|Any CPU
		{D70237A1-D3CA-4437-B9AA-5F895CF28801}.Debug|Any CPU.Build.0 = Debug|Any CPU
		{D70237A1-D3CA-4437-B9AA-5F895CF28801}.Debug|x64.ActiveCfg = Debug|Any CPU
		{D70237A1-D3CA-4437-B9AA-5F895CF28801}.Debug|x64.Build.0 = Debug|Any CPU
		{D70237A1-D3CA-4437-B9AA-5F895CF28801}.Debug|x86.ActiveCfg = Debug|Any CPU
		{D70237A1-D3CA-4437-B9AA-5F895CF28801}.Debug|x86.Build.0 = Debug|Any CPU
		{D70237A1-D3CA-4437-B9AA-5F895CF28801}.Release|Any CPU.ActiveCfg = Release|Any CPU
		{D70237A1-D3CA-4437-B9AA-5F895CF28801}.Release|Any CPU.Build.0 = Release|Any CPU
		{D70237A1-D3CA-4437-B9AA-5F895CF28801}.Release|x64.ActiveCfg = Release|Any CPU
		{D70237A1-D3CA-4437-B9AA-5F895CF28801}.Release|x64.Build.0 = Release|Any CPU
		{D70237A1-D3CA-4437-B9AA-5F895CF28801}.Release|x86.ActiveCfg = Release|Any CPU
		{D70237A1-D3CA-4437-B9AA-5F895CF28801}.Release|x86.Build.0 = Release|Any CPU
		{B27DB12F-9B53-4F93-B459-A9B778EB84F8}.Debug|Any CPU.ActiveCfg = Debug|Any CPU
		{B27DB12F-9B53-4F93-B459-A9B778EB84F8}.Debug|Any CPU.Build.0 = Debug|Any CPU
		{B27DB12F-9B53-4F93-B459-A9B778EB84F8}.Debug|x64.ActiveCfg = Debug|Any CPU
		{B27DB12F-9B53-4F93-B459-A9B778EB84F8}.Debug|x64.Build.0 = Debug|Any CPU
		{B27DB12F-9B53-4F93-B459-A9B778EB84F8}.Debug|x86.ActiveCfg = Debug|Any CPU
		{B27DB12F-9B53-4F93-B459-A9B778EB84F8}.Debug|x86.Build.0 = Debug|Any CPU
		{B27DB12F-9B53-4F93-B459-A9B778EB84F8}.Release|Any CPU.ActiveCfg = Release|Any CPU
		{B27DB12F-9B53-4F93-B459-A9B778EB84F8}.Release|Any CPU.Build.0 = Release|Any CPU
		{B27DB12F-9B53-4F93-B459-A9B778EB84F8}.Release|x64.ActiveCfg = Release|Any CPU
		{B27DB12F-9B53-4F93-B459-A9B778EB84F8}.Release|x64.Build.0 = Release|Any CPU
		{B27DB12F-9B53-4F93-B459-A9B778EB84F8}.Release|x86.ActiveCfg = Release|Any CPU
		{B27DB12F-9B53-4F93-B459-A9B778EB84F8}.Release|x86.Build.0 = Release|Any CPU
		{BC8B06E2-0CAC-4C65-92F1-7175CA6B92C6}.Debug|Any CPU.ActiveCfg = Debug|Any CPU
		{BC8B06E2-0CAC-4C65-92F1-7175CA6B92C6}.Debug|Any CPU.Build.0 = Debug|Any CPU
		{BC8B06E2-0CAC-4C65-92F1-7175CA6B92C6}.Debug|x64.ActiveCfg = Debug|Any CPU
		{BC8B06E2-0CAC-4C65-92F1-7175CA6B92C6}.Debug|x64.Build.0 = Debug|Any CPU
		{BC8B06E2-0CAC-4C65-92F1-7175CA6B92C6}.Debug|x86.ActiveCfg = Debug|Any CPU
		{BC8B06E2-0CAC-4C65-92F1-7175CA6B92C6}.Debug|x86.Build.0 = Debug|Any CPU
		{BC8B06E2-0CAC-4C65-92F1-7175CA6B92C6}.Release|Any CPU.ActiveCfg = Release|Any CPU
		{BC8B06E2-0CAC-4C65-92F1-7175CA6B92C6}.Release|Any CPU.Build.0 = Release|Any CPU
		{BC8B06E2-0CAC-4C65-92F1-7175CA6B92C6}.Release|x64.ActiveCfg = Release|Any CPU
		{BC8B06E2-0CAC-4C65-92F1-7175CA6B92C6}.Release|x64.Build.0 = Release|Any CPU
		{BC8B06E2-0CAC-4C65-92F1-7175CA6B92C6}.Release|x86.ActiveCfg = Release|Any CPU
		{BC8B06E2-0CAC-4C65-92F1-7175CA6B92C6}.Release|x86.Build.0 = Release|Any CPU
	EndGlobalSection
	GlobalSection(NestedProjects) = preSolution
		{C5BFDB0B-CE0E-4AB5-AA7A-4758CA8CA525} = {BCEDF8EC-7709-4BD6-9AEE-8CAC79669A4A}
		{D70237A1-D3CA-4437-B9AA-5F895CF28801} = {BCEDF8EC-7709-4BD6-9AEE-8CAC79669A4A}
		{B27DB12F-9B53-4F93-B459-A9B778EB84F8} = {BCEDF8EC-7709-4BD6-9AEE-8CAC79669A4A}
		{BC8B06E2-0CAC-4C65-92F1-7175CA6B92C6} = {BCEDF8EC-7709-4BD6-9AEE-8CAC79669A4A}
	EndGlobalSection
EndGlobal
